{
  "version": 4,
  "terraform_version": "1.1.7",
  "serial": 104,
  "lineage": "ed083f0e-56d8-8850-4d08-a83e5c6de234",
  "outputs": {
    "public_ip": {
      "value": [
        "clickhouse-01 51.250.1.184",
        "lighthouse-01 51.250.12.46",
        "vector-test 51.250.3.83"
      ],
      "type": [
        "set",
        "string"
      ]
    }
  },
  "resources": [
    {
      "mode": "managed",
      "type": "yandex_compute_instance",
      "name": "vm",
      "provider": "provider[\"registry.terraform.io/yandex-cloud/yandex\"]",
      "instances": [
        {
          "index_key": "cl_instance",
          "schema_version": 1,
          "attributes": {
            "allow_recreate": null,
            "allow_stopping_for_update": null,
            "boot_disk": [
              {
                "auto_delete": true,
                "device_name": "fhmr1v3hth2n5891uop4",
                "disk_id": "fhmr1v3hth2n5891uop4",
                "initialize_params": [
                  {
                    "block_size": 4096,
                    "description": "",
                    "image_id": "fd8hqa9gq1d59afqonsf",
                    "name": "",
                    "size": 20,
                    "snapshot_id": "",
                    "type": "network-hdd"
                  }
                ],
                "mode": "READ_WRITE"
              }
            ],
            "created_at": "2022-06-04T20:19:19Z",
            "description": "",
            "folder_id": "b1g7042ebain0i1ptpvd",
            "fqdn": "clickhouse-01.local",
            "hostname": "clickhouse-01",
            "id": "fhmv3cdqknd4tn6nomol",
            "labels": null,
            "metadata": {
              "foo": "bar",
              "ssh-keys": "ubuntu:ssh-rsa AAAAB3NzaC1yc2EAAAADAQABAAABgQD5EXlU4IqunLKMr9tPPdfhl28gicTog6F+pOoY5QAjjElgH52NZTe6mxahVHBXGyAfjbSMQ/iddBugdcrFGVG7hQDQKfpqmpEjcqeGRwpw4yUTqnbVogJqGLlKbqHmjhDsp/oNA6uj91daeNB9GJ9hPMQJWOne2C2jqfrlO9dgGSImy/AFe6yTD+UTcKHD1m8kVPu5/KoDdHrXdUThshHnhaIpQPFuCjolMQegqvFG7pwig3oLgsxxKs7ODXj8ZWcLMae0uV8TEqMJ+2zZktO3sjYy4tpwt3nzU3s0agXv8ht5662e8LwIDfxfy3PdafLrTEG9ak+Yl8WqzDvYwQQONLIB81b13K9ljV+GacdqVT3czy+dFvQ8EBXTFPIwyee07IqxwXqB2UQLvOntW7ALaIi6ntbcwah+VA8Q3LzWV805rvrwy+Xqd23OMUuRCaAu5tlfAkuS0JzizCHx+yG3n+7utaPrH8mGC34KPMYsJp6DBsgRB0FAjrIuV8G4HQc= student@student-virtual-machine\n"
            },
            "name": "clickhouse-01",
            "network_acceleration_type": "standard",
            "network_interface": [
              {
                "dns_record": [],
                "index": 0,
                "ip_address": "10.1.0.8",
                "ipv4": true,
                "ipv6": false,
                "ipv6_address": "",
                "ipv6_dns_record": [],
                "mac_address": "d0:0d:1f:1b:1b:aa",
                "nat": true,
                "nat_dns_record": [],
                "nat_ip_address": "51.250.1.184",
                "nat_ip_version": "IPV4",
                "security_group_ids": [],
                "subnet_id": "e9b6j5ovudr99v9tqvdq"
              }
            ],
            "placement_policy": [
              {
                "host_affinity_rules": [],
                "placement_group_id": ""
              }
            ],
            "platform_id": "standard-v1",
            "resources": [
              {
                "core_fraction": 100,
                "cores": 2,
                "gpus": 0,
                "memory": 4
              }
            ],
            "scheduling_policy": [
              {
                "preemptible": false
              }
            ],
            "secondary_disk": [],
            "service_account_id": "",
            "status": "running",
            "timeouts": null,
            "zone": "ru-central1-a"
          },
          "sensitive_attributes": [],
          "private": "eyJlMmJmYjczMC1lY2FhLTExZTYtOGY4OC0zNDM2M2JjN2M0YzAiOnsiY3JlYXRlIjozMDAwMDAwMDAwMDAsImRlbGV0ZSI6MzAwMDAwMDAwMDAwLCJ1cGRhdGUiOjMwMDAwMDAwMDAwMH0sInNjaGVtYV92ZXJzaW9uIjoiMSJ9",
          "dependencies": [
            "yandex_vpc_network.net",
            "yandex_vpc_subnet.subnet"
          ]
        },
        {
          "index_key": "lh_instance",
          "schema_version": 1,
          "attributes": {
            "allow_recreate": null,
            "allow_stopping_for_update": null,
            "boot_disk": [
              {
                "auto_delete": true,
                "device_name": "fhm8ch2re3389djruecl",
                "disk_id": "fhm8ch2re3389djruecl",
                "initialize_params": [
                  {
                    "block_size": 4096,
                    "description": "",
                    "image_id": "fd8hqa9gq1d59afqonsf",
                    "name": "",
                    "size": 20,
                    "snapshot_id": "",
                    "type": "network-hdd"
                  }
                ],
                "mode": "READ_WRITE"
              }
            ],
            "created_at": "2022-06-04T20:19:19Z",
            "description": "",
            "folder_id": "b1g7042ebain0i1ptpvd",
            "fqdn": "lighthouse-01.local",
            "hostname": "lighthouse-01",
            "id": "fhm8dh5b4dkc76jot7i0",
            "labels": null,
            "metadata": {
              "foo": "bar",
              "ssh-keys": "ubuntu:ssh-rsa AAAAB3NzaC1yc2EAAAADAQABAAABgQD5EXlU4IqunLKMr9tPPdfhl28gicTog6F+pOoY5QAjjElgH52NZTe6mxahVHBXGyAfjbSMQ/iddBugdcrFGVG7hQDQKfpqmpEjcqeGRwpw4yUTqnbVogJqGLlKbqHmjhDsp/oNA6uj91daeNB9GJ9hPMQJWOne2C2jqfrlO9dgGSImy/AFe6yTD+UTcKHD1m8kVPu5/KoDdHrXdUThshHnhaIpQPFuCjolMQegqvFG7pwig3oLgsxxKs7ODXj8ZWcLMae0uV8TEqMJ+2zZktO3sjYy4tpwt3nzU3s0agXv8ht5662e8LwIDfxfy3PdafLrTEG9ak+Yl8WqzDvYwQQONLIB81b13K9ljV+GacdqVT3czy+dFvQ8EBXTFPIwyee07IqxwXqB2UQLvOntW7ALaIi6ntbcwah+VA8Q3LzWV805rvrwy+Xqd23OMUuRCaAu5tlfAkuS0JzizCHx+yG3n+7utaPrH8mGC34KPMYsJp6DBsgRB0FAjrIuV8G4HQc= student@student-virtual-machine\n"
            },
            "name": "lighthouse-01",
            "network_acceleration_type": "standard",
            "network_interface": [
              {
                "dns_record": [],
                "index": 0,
                "ip_address": "10.1.0.25",
                "ipv4": true,
                "ipv6": false,
                "ipv6_address": "",
                "ipv6_dns_record": [],
                "mac_address": "d0:0d:86:c4:ab:23",
                "nat": true,
                "nat_dns_record": [],
                "nat_ip_address": "51.250.12.46",
                "nat_ip_version": "IPV4",
                "security_group_ids": [],
                "subnet_id": "e9b6j5ovudr99v9tqvdq"
              }
            ],
            "placement_policy": [
              {
                "host_affinity_rules": [],
                "placement_group_id": ""
              }
            ],
            "platform_id": "standard-v1",
            "resources": [
              {
                "core_fraction": 100,
                "cores": 2,
                "gpus": 0,
                "memory": 4
              }
            ],
            "scheduling_policy": [
              {
                "preemptible": false
              }
            ],
            "secondary_disk": [],
            "service_account_id": "",
            "status": "running",
            "timeouts": null,
            "zone": "ru-central1-a"
          },
          "sensitive_attributes": [],
          "private": "eyJlMmJmYjczMC1lY2FhLTExZTYtOGY4OC0zNDM2M2JjN2M0YzAiOnsiY3JlYXRlIjozMDAwMDAwMDAwMDAsImRlbGV0ZSI6MzAwMDAwMDAwMDAwLCJ1cGRhdGUiOjMwMDAwMDAwMDAwMH0sInNjaGVtYV92ZXJzaW9uIjoiMSJ9",
          "dependencies": [
            "yandex_vpc_network.net",
            "yandex_vpc_subnet.subnet"
          ]
        },
        {
          "index_key": "v_instance",
          "schema_version": 1,
          "attributes": {
            "allow_recreate": null,
            "allow_stopping_for_update": null,
            "boot_disk": [
              {
                "auto_delete": true,
                "device_name": "fhm8147dnu5r9v03orii",
                "disk_id": "fhm8147dnu5r9v03orii",
                "initialize_params": [
                  {
                    "block_size": 4096,
                    "description": "",
                    "image_id": "fd8hqa9gq1d59afqonsf",
                    "name": "",
                    "size": 20,
                    "snapshot_id": "",
                    "type": "network-hdd"
                  }
                ],
                "mode": "READ_WRITE"
              }
            ],
            "created_at": "2022-06-04T20:19:19Z",
            "description": "",
            "folder_id": "b1g7042ebain0i1ptpvd",
            "fqdn": "vector-test.local",
            "hostname": "vector-test",
            "id": "fhmhs046d8j4npp3t8hb",
            "labels": null,
            "metadata": {
              "foo": "bar",
              "ssh-keys": "ubuntu:ssh-rsa AAAAB3NzaC1yc2EAAAADAQABAAABgQD5EXlU4IqunLKMr9tPPdfhl28gicTog6F+pOoY5QAjjElgH52NZTe6mxahVHBXGyAfjbSMQ/iddBugdcrFGVG7hQDQKfpqmpEjcqeGRwpw4yUTqnbVogJqGLlKbqHmjhDsp/oNA6uj91daeNB9GJ9hPMQJWOne2C2jqfrlO9dgGSImy/AFe6yTD+UTcKHD1m8kVPu5/KoDdHrXdUThshHnhaIpQPFuCjolMQegqvFG7pwig3oLgsxxKs7ODXj8ZWcLMae0uV8TEqMJ+2zZktO3sjYy4tpwt3nzU3s0agXv8ht5662e8LwIDfxfy3PdafLrTEG9ak+Yl8WqzDvYwQQONLIB81b13K9ljV+GacdqVT3czy+dFvQ8EBXTFPIwyee07IqxwXqB2UQLvOntW7ALaIi6ntbcwah+VA8Q3LzWV805rvrwy+Xqd23OMUuRCaAu5tlfAkuS0JzizCHx+yG3n+7utaPrH8mGC34KPMYsJp6DBsgRB0FAjrIuV8G4HQc= student@student-virtual-machine\n"
            },
            "name": "vector-test",
            "network_acceleration_type": "standard",
            "network_interface": [
              {
                "dns_record": [],
                "index": 0,
                "ip_address": "10.1.0.4",
                "ipv4": true,
                "ipv6": false,
                "ipv6_address": "",
                "ipv6_dns_record": [],
                "mac_address": "d0:0d:11:e0:08:66",
                "nat": true,
                "nat_dns_record": [],
                "nat_ip_address": "51.250.3.83",
                "nat_ip_version": "IPV4",
                "security_group_ids": [],
                "subnet_id": "e9b6j5ovudr99v9tqvdq"
              }
            ],
            "placement_policy": [
              {
                "host_affinity_rules": [],
                "placement_group_id": ""
              }
            ],
            "platform_id": "standard-v1",
            "resources": [
              {
                "core_fraction": 100,
                "cores": 2,
                "gpus": 0,
                "memory": 4
              }
            ],
            "scheduling_policy": [
              {
                "preemptible": false
              }
            ],
            "secondary_disk": [],
            "service_account_id": "",
            "status": "running",
            "timeouts": null,
            "zone": "ru-central1-a"
          },
          "sensitive_attributes": [],
          "private": "eyJlMmJmYjczMC1lY2FhLTExZTYtOGY4OC0zNDM2M2JjN2M0YzAiOnsiY3JlYXRlIjozMDAwMDAwMDAwMDAsImRlbGV0ZSI6MzAwMDAwMDAwMDAwLCJ1cGRhdGUiOjMwMDAwMDAwMDAwMH0sInNjaGVtYV92ZXJzaW9uIjoiMSJ9",
          "dependencies": [
            "yandex_vpc_network.net",
            "yandex_vpc_subnet.subnet"
          ]
        }
      ]
    },
    {
      "mode": "managed",
      "type": "yandex_vpc_network",
      "name": "net",
      "provider": "provider[\"registry.terraform.io/yandex-cloud/yandex\"]",
      "instances": [
        {
          "schema_version": 0,
          "attributes": {
            "created_at": "2022-06-04T20:19:17Z",
            "default_security_group_id": "",
            "description": "",
            "folder_id": "b1g7042ebain0i1ptpvd",
            "id": "enpqrsgbniko66vtmmqo",
            "labels": {},
            "name": "net",
            "subnet_ids": [],
            "timeouts": null
          },
          "sensitive_attributes": [],
          "private": "eyJlMmJmYjczMC1lY2FhLTExZTYtOGY4OC0zNDM2M2JjN2M0YzAiOnsiY3JlYXRlIjo2MDAwMDAwMDAwMCwiZGVsZXRlIjo2MDAwMDAwMDAwMCwidXBkYXRlIjo2MDAwMDAwMDAwMH19"
        }
      ]
    },
    {
      "mode": "managed",
      "type": "yandex_vpc_subnet",
      "name": "subnet",
      "provider": "provider[\"registry.terraform.io/yandex-cloud/yandex\"]",
      "instances": [
        {
          "schema_version": 0,
          "attributes": {
            "created_at": "2022-06-04T20:19:18Z",
            "description": "",
            "dhcp_options": [],
            "folder_id": "b1g7042ebain0i1ptpvd",
            "id": "e9b6j5ovudr99v9tqvdq",
            "labels": {},
            "name": "subnet",
            "network_id": "enpqrsgbniko66vtmmqo",
            "route_table_id": "",
            "timeouts": null,
            "v4_cidr_blocks": [
              "10.1.0.0/16"
            ],
            "v6_cidr_blocks": [],
            "zone": "ru-central1-a"
          },
          "sensitive_attributes": [],
          "private": "eyJlMmJmYjczMC1lY2FhLTExZTYtOGY4OC0zNDM2M2JjN2M0YzAiOnsiY3JlYXRlIjoxODAwMDAwMDAwMDAsImRlbGV0ZSI6MTgwMDAwMDAwMDAwLCJ1cGRhdGUiOjE4MDAwMDAwMDAwMH19",
          "dependencies": [
            "yandex_vpc_network.net"
          ]
        }
      ]
    }
  ]
}
